
Microsoft Visual Studio Solution File, Format Version 12.00
# Visual Studio Version 16
VisualStudioVersion = 16.0.30804.86
MinimumVisualStudioVersion = 10.0.40219.1
Project("{FAE04EC0-301F-11D3-BF4B-00C04F79EFBC}") = "Dictionaries", "Dictionaries\Dictionaries.csproj", "{4357CFEB-3CAB-452B-BC05-B6189E70407C}"
EndProject
Global
	GlobalSection(SolutionConfigurationPlatforms) = preSolution
		Debug|Any CPU = Debug|Any CPU
		Release|Any CPU = Release|Any CPU
	EndGlobalSection
	GlobalSection(ProjectConfigurationPlatforms) = postSolution
		{4357CFEB-3CAB-452B-BC05-B6189E70407C}.Debug|Any CPU.ActiveCfg = Debug|Any CPU
		{4357CFEB-3CAB-452B-BC05-B6189E70407C}.Debug|Any CPU.Build.0 = Debug|Any CPU
		{4357CFEB-3CAB-452B-BC05-B6189E70407C}.Release|Any CPU.ActiveCfg = Release|Any CPU
		{4357CFEB-3CAB-452B-BC05-B6189E70407C}.Release|Any CPU.Build.0 = Release|Any CPU
	EndGlobalSection
	GlobalSection(SolutionProperties) = preSolution
		HideSolutionNode = FALSE
	EndGlobalSection
	GlobalSection(ExtensibilityGlobals) = postSolution
		SolutionGuid = {B1B1D26E-E495-430A-B8B0-D2AC9B5962A0}
	EndGlobalSection
EndGlobal
